
Microsoft Visual Studio Solution File, Format Version 12.00
# Visual Studio 15
VisualStudioVersion = 15.0.27130.2027
MinimumVisualStudioVersion = 10.0.40219.1
Project("{FAE04EC0-301F-11D3-BF4B-00C04F79EFBC}") = "PriceCalculator", "PriceCalculator\PriceCalculator.csproj", "{DA80D590-FE3F-45DE-B010-DA521FC9E8ED}"
EndProject
Global
	GlobalSection(SolutionConfigurationPlatforms) = preSolution
		Debug|Any CPU = Debug|Any CPU
		Release|Any CPU = Release|Any CPU
	EndGlobalSection
	GlobalSection(ProjectConfigurationPlatforms) = postSolution
		{DA80D590-FE3F-45DE-B010-DA521FC9E8ED}.Debug|Any CPU.ActiveCfg = Debug|Any CPU
		{DA80D590-FE3F-45DE-B010-DA521FC9E8ED}.Debug|Any CPU.Build.0 = Debug|Any CPU
		{DA80D590-FE3F-45DE-B010-DA521FC9E8ED}.Release|Any CPU.ActiveCfg = Release|Any CPU
		{DA80D590-FE3F-45DE-B010-DA521FC9E8ED}.Release|Any CPU.Build.0 = Release|Any CPU
	EndGlobalSection
	GlobalSection(SolutionProperties) = preSolution
		HideSolutionNode = FALSE
	EndGlobalSection
	GlobalSection(ExtensibilityGlobals) = postSolution
		SolutionGuid = {D06D6011-D9D2-4C9C-8B29-A96A74769FDC}
	EndGlobalSection
EndGlobal
